GIT
  remote: https://github.com/projecttacoma/cqm-models
  revision: 1b49804c6f64f50540f4dd8ba762d1146f811385
  branch: master
  specs:
    cqm-models (4.3.2)

GEM
  remote: https://rubygems.org/
  specs:
    activemodel (8.1.3)
      activesupport (= 8.1.3)
    activesupport (8.1.3)
      base64
      bigdecimal
      concurrent-ruby (~> 1.0, >= 1.3.1)
      connection_pool (>= 2.2.5)
      drb
      i18n (>= 1.6, < 2)
      json
      logger (>= 1.4.2)
      minitest (>= 5.1)
      securerandom (>= 0.3)
      tzinfo (~> 2.0, >= 2.0.5)
      uri (>= 0.13.1)
    base64 (0.3.0)
    bigdecimal (4.1.2)
    bson (5.2.0)
    cgi (0.5.2)
    concurrent-ruby (1.3.7)
    connection_pool (3.0.2)
    cqm-reports (4.1.8)
      cqm-models (~> 4.0)
      cqm-validators (~> 4.0)
      erubis (~> 2.7)
      log4r (~> 1.1)
      memoist (~> 0.9)
      mongoid-tree (> 2.0)
      mustache
      nokogiri (>= 1.16.2)
      uuid (~> 2.3)
      zip-zip (~> 0.3)
    cqm-validators (4.0.6)
      nokogiri (>= 1.16.2)
    datadog (2.37.0)
      cgi
      datadog-ruby_core_source (~> 3.5, >= 3.5.2)
      libdatadog (~> 36.0.0.1.0)
      libddwaf (~> 1.30.0.0.0)
      logger
      msgpack
    datadog-ruby_core_source (3.5.2)
    domain_name (0.6.20240107)
    drb (2.2.3)
    erubis (2.7.0)
    ffi (1.17.4-aarch64-linux-gnu)
    ffi (1.17.4-aarch64-linux-musl)
    ffi (1.17.4-arm-linux-gnu)
    ffi (1.17.4-arm-linux-musl)
    ffi (1.17.4-arm64-darwin)
    ffi (1.17.4-x86_64-darwin)
    ffi (1.17.4-x86_64-linux-gnu)
    ffi (1.17.4-x86_64-linux-musl)
    http-accept (1.7.0)
    http-cookie (1.1.6)
      domain_name (~> 0.5)
    i18n (1.15.2)
      concurrent-ruby (~> 1.0)
    json (2.20.0)
    jwt (3.2.0)
      base64
    libdatadog (36.0.0.1.0)
    libdatadog (36.0.0.1.0-aarch64-linux)
    libdatadog (36.0.0.1.0-arm64-darwin)
    libdatadog (36.0.0.1.0-x86_64-linux)
    libddwaf (1.30.0.0.2)
      ffi (~> 1.0)
    libddwaf (1.30.0.0.2-aarch64-linux)
      ffi (~> 1.0)
    libddwaf (1.30.0.0.2-arm64-darwin)
      ffi (~> 1.0)
    libddwaf (1.30.0.0.2-x86_64-darwin)
      ffi (~> 1.0)
    libddwaf (1.30.0.0.2-x86_64-linux)
      ffi (~> 1.0)
    log4r (1.1.10)
    logger (1.7.0)
    macaddr (1.7.2)
      systemu (~> 2.6.5)
    memoist (0.16.2)
    mime-types (3.7.0)
      logger
      mime-types-data (~> 3.2025, >= 3.2025.0507)
    mime-types-data (3.2026.0701)
    minitest (6.0.6)
      drb (~> 2.0)
      prism (~> 1.5)
    mongo (2.24.1)
      base64
      bson (>= 4.14.1, < 6.0.0)
    mongoid (9.1.0)
      activemodel (>= 5.1, < 8.2, != 7.0.0)
      concurrent-ruby (>= 1.0.5, < 2.0)
      mongo (>= 2.18.0, < 3.0.0)
      ostruct
    mongoid-tree (2.3.0)
      mongoid (>= 4.0, < 10)
    msgpack (1.8.3)
    mustache (1.1.2)
    mustermann (3.1.1)
    netrc (0.11.0)
    nio4r (2.7.5)
    nokogiri (1.19.4-aarch64-linux-gnu)
      racc (~> 1.4)
    nokogiri (1.19.4-aarch64-linux-musl)
      racc (~> 1.4)
    nokogiri (1.19.4-arm-linux-gnu)
      racc (~> 1.4)
    nokogiri (1.19.4-arm-linux-musl)
      racc (~> 1.4)
    nokogiri (1.19.4-arm64-darwin)
      racc (~> 1.4)
    nokogiri (1.19.4-x86_64-darwin)
      racc (~> 1.4)
    nokogiri (1.19.4-x86_64-linux-gnu)
      racc (~> 1.4)
    nokogiri (1.19.4-x86_64-linux-musl)
      racc (~> 1.4)
    ostruct (0.6.3)
    passenger (6.1.6)
      logger (>= 1.7.0)
      rack (>= 1.6.13)
      rackup (>= 1.0.1)
      rake (>= 12.3.3)
    prism (1.9.0)
    puma (8.0.2)
      nio4r (~> 2.0)
    racc (1.8.1)
    rack (3.2.6)
    rack-contrib (2.5.0)
      rack (< 4)
    rack-protection (4.2.1)
      base64 (>= 0.1.0)
      logger (>= 1.6.0)
      rack (>= 3.0.0, < 4)
    rack-session (2.1.2)
      base64 (>= 0.1.0)
      rack (>= 3.0.0)
    rack-test (2.2.0)
      rack (>= 1.3)
    rackup (2.3.1)
      rack (>= 3)
    rake (13.4.2)
    rest-client (2.1.0)
      http-accept (>= 1.7.0, < 2.0)
      http-cookie (>= 1.0.2, < 2.0)
      mime-types (>= 1.16, < 4.0)
      netrc (~> 0.8)
    rubyzip (2.4.1)
    securerandom (0.4.1)
    sinatra (4.2.1)
      logger (>= 1.6.0)
      mustermann (~> 3.0)
      rack (>= 3.0.0, < 4)
      rack-protection (= 4.2.1)
      rack-session (>= 2.0.0, < 3)
      tilt (~> 2.0)
    systemu (2.6.5)
    tilt (2.7.0)
    tzinfo (2.0.6)
      concurrent-ruby (~> 1.0)
    uri (1.1.1)
    uuid (2.3.9)
      macaddr (~> 1.0)
    zip-zip (0.3)
      rubyzip (>= 1.0.0)

PLATFORMS
  aarch64-linux
  aarch64-linux-gnu
  aarch64-linux-musl
  arm-linux-gnu
  arm-linux-musl
  arm64-darwin
  x86_64-darwin
  x86_64-linux-gnu
  x86_64-linux-musl

DEPENDENCIES
  cqm-models!
  cqm-reports (= 4.1.8)
  datadog (>= 2.31.0)
  jwt (>= 3.2.0)
  minitest
  mongoid (~> 9.1.0)
  passenger (>= 6.1.1)
  puma (>= 8.0.2)
  rack-contrib (~> 2.5, >= 2.5.0)
  rack-test
  rackup (~> 2.2, >= 2.2.0)
  rest-client
  rubyzip (~> 2.4.0)
  sinatra (>= 4.2.0)

BUNDLED WITH
   2.6.9
